// !$*UTF8*$!
{
	archiveVersion = 1;
	classes = {
	};
	objectVersion = 47;
	objects = {

/* Begin PBXBuildFile section */
		1902E9571E30024B00507E18 /* exit-icon-3.png in Resources */ = {isa = PBXBuildFile; fileRef = 191A54561E26AA79006F1552 /* exit-icon-3.png */; };
		1902EA291E309C8300507E18 /* exit-icon.png in Resources */ = {isa = PBXBuildFile; fileRef = 1902EA281E309C8300507E18 /* exit-icon.png */; };
		1902EA2A1E309C8300507E18 /* exit-icon.png in Resources */ = {isa = PBXBuildFile; fileRef = 1902EA281E309C8300507E18 /* exit-icon.png */; };
		1902EA2C1E309CE300507E18 /* exit-icon.png in Resources */ = {isa = PBXBuildFile; fileRef = 1902EA2B1E309CE300507E18 /* exit-icon.png */; };
		1902EA2D1E309CE300507E18 /* exit-icon.png in Resources */ = {isa = PBXBuildFile; fileRef = 1902EA2B1E309CE300507E18 /* exit-icon.png */; };
		1902EA321E31469E00507E18 /* undo-icon.png in Resources */ = {isa = PBXBuildFile; fileRef = 1902EA311E31469E00507E18 /* undo-icon.png */; };
		1902EA331E31469E00507E18 /* undo-icon.png in Resources */ = {isa = PBXBuildFile; fileRef = 1902EA311E31469E00507E18 /* undo-icon.png */; };
		1902EA381E33684000507E18 /* mastersoft-logo.png in Resources */ = {isa = PBXBuildFile; fileRef = 1902EA371E33684000507E18 /* mastersoft-logo.png */; };
		1902EA391E33684000507E18 /* mastersoft-logo.png in Resources */ = {isa = PBXBuildFile; fileRef = 1902EA371E33684000507E18 /* mastersoft-logo.png */; };
		191A54571E26AA79006F1552 /* exit-icon-3.png in Resources */ = {isa = PBXBuildFile; fileRef = 191A54561E26AA79006F1552 /* exit-icon-3.png */; };
		1940F03E1E26074C00CCED06 /* FirstViewController.swift in Sources */ = {isa = PBXBuildFile; fileRef = 1940F03D1E26074C00CCED06 /* FirstViewController.swift */; };
		195306A81E2B7BEF00EE81B0 /* StartScreenViewController.swift in Sources */ = {isa = PBXBuildFile; fileRef = 195306A71E2B7BEF00EE81B0 /* StartScreenViewController.swift */; };
		195E730F1E28AB4E005046AA /* AppDelegate.swift in Sources */ = {isa = PBXBuildFile; fileRef = 195E730E1E28AB4E005046AA /* AppDelegate.swift */; };
		195E73111E28AB4E005046AA /* TouchViewController.swift in Sources */ = {isa = PBXBuildFile; fileRef = 195E73101E28AB4E005046AA /* TouchViewController.swift */; };
		195E73141E28AB4E005046AA /* Main.storyboard in Resources */ = {isa = PBXBuildFile; fileRef = 195E73121E28AB4E005046AA /* Main.storyboard */; };
		195E73161E28AB4E005046AA /* Assets.xcassets in Resources */ = {isa = PBXBuildFile; fileRef = 195E73151E28AB4E005046AA /* Assets.xcassets */; };
		195E73191E28AB4E005046AA /* LaunchScreen.storyboard in Resources */ = {isa = PBXBuildFile; fileRef = 195E73171E28AB4E005046AA /* LaunchScreen.storyboard */; };
		195E73241E28AB4E005046AA /* ninemensmorristouchTests.swift in Sources */ = {isa = PBXBuildFile; fileRef = 195E73231E28AB4E005046AA /* ninemensmorristouchTests.swift */; };
		195E732F1E28AB4E005046AA /* ninemensmorristouchUITests.swift in Sources */ = {isa = PBXBuildFile; fileRef = 195E732E1E28AB4E005046AA /* ninemensmorristouchUITests.swift */; };
		195E733B1E28AED4005046AA /* NineMenMorrisViewTouch.swift in Sources */ = {isa = PBXBuildFile; fileRef = 195E733A1E28AED4005046AA /* NineMenMorrisViewTouch.swift */; };
		195E733C1E28AF3E005046AA /* engine.swift in Sources */ = {isa = PBXBuildFile; fileRef = 2332EB021D852C1A000B1AB1 /* engine.swift */; };
		196DE15C1E203E9D0030F899 /* TODO in Resources */ = {isa = PBXBuildFile; fileRef = 196DE15B1E203E9D0030F899 /* TODO */; };
		19B94F911E241F8300EAFC81 /* SecondViewController.swift in Sources */ = {isa = PBXBuildFile; fileRef = 19B94F901E241F8300EAFC81 /* SecondViewController.swift */; };
		2332EAE61D852BB9000B1AB1 /* AppDelegate.swift in Sources */ = {isa = PBXBuildFile; fileRef = 2332EAE51D852BB9000B1AB1 /* AppDelegate.swift */; };
		2332EAE81D852BB9000B1AB1 /* ViewController.swift in Sources */ = {isa = PBXBuildFile; fileRef = 2332EAE71D852BB9000B1AB1 /* ViewController.swift */; };
		2332EAEA1D852BB9000B1AB1 /* Assets.xcassets in Resources */ = {isa = PBXBuildFile; fileRef = 2332EAE91D852BB9000B1AB1 /* Assets.xcassets */; };
		2332EAED1D852BB9000B1AB1 /* Main.storyboard in Resources */ = {isa = PBXBuildFile; fileRef = 2332EAEB1D852BB9000B1AB1 /* Main.storyboard */; };
		2332EAF81D852BB9000B1AB1 /* ninemensmorrisTests.swift in Sources */ = {isa = PBXBuildFile; fileRef = 2332EAF71D852BB9000B1AB1 /* ninemensmorrisTests.swift */; };
		2332EB031D852C1A000B1AB1 /* engine.swift in Sources */ = {isa = PBXBuildFile; fileRef = 2332EB021D852C1A000B1AB1 /* engine.swift */; };
		23752A1A1E16D2840020F50F /* NineMensMorrisView.swift in Sources */ = {isa = PBXBuildFile; fileRef = 23752A191E16D2840020F50F /* NineMensMorrisView.swift */; };
		23F1F3EB1E1CE9E600BB4F6C /* test.swift in Sources */ = {isa = PBXBuildFile; fileRef = 23F1F3EA1E1CE9E600BB4F6C /* test.swift */; };
/* End PBXBuildFile section */

/* Begin PBXContainerItemProxy section */
		195E73201E28AB4E005046AA /* PBXContainerItemProxy */ = {
			isa = PBXContainerItemProxy;
			containerPortal = 2332EADA1D852BB9000B1AB1 /* Project object */;
			proxyType = 1;
			remoteGlobalIDString = 195E730B1E28AB4E005046AA;
			remoteInfo = ninemensmorristouch;
		};
		195E732B1E28AB4E005046AA /* PBXContainerItemProxy */ = {
			isa = PBXContainerItemProxy;
			containerPortal = 2332EADA1D852BB9000B1AB1 /* Project object */;
			proxyType = 1;
			remoteGlobalIDString = 195E730B1E28AB4E005046AA;
			remoteInfo = ninemensmorristouch;
		};
		2332EAF41D852BB9000B1AB1 /* PBXContainerItemProxy */ = {
			isa = PBXContainerItemProxy;
			containerPortal = 2332EADA1D852BB9000B1AB1 /* Project object */;
			proxyType = 1;
			remoteGlobalIDString = 2332EAE11D852BB9000B1AB1;
			remoteInfo = ninemensmorris;
		};
/* End PBXContainerItemProxy section */

/* Begin PBXFileReference section */
		1902EA281E309C8300507E18 /* exit-icon.png */ = {isa = PBXFileReference; lastKnownFileType = image.png; name = "exit-icon.png"; path = "../../../Pictures/exit-icon.png"; sourceTree = "<group>"; };
		1902EA2B1E309CE300507E18 /* exit-icon.png */ = {isa = PBXFileReference; lastKnownFileType = image.png; path = "exit-icon.png"; sourceTree = "<group>"; };
		1902EA311E31469E00507E18 /* undo-icon.png */ = {isa = PBXFileReference; lastKnownFileType = image.png; path = "undo-icon.png"; sourceTree = "<group>"; };
		1902EA371E33684000507E18 /* mastersoft-logo.png */ = {isa = PBXFileReference; lastKnownFileType = image.png; path = "mastersoft-logo.png"; sourceTree = "<group>"; };
		191A54561E26AA79006F1552 /* exit-icon-3.png */ = {isa = PBXFileReference; lastKnownFileType = image.png; name = "exit-icon-3.png"; path = "../../../Pictures/exit-icon-3.png"; sourceTree = "<group>"; };
		1940F03D1E26074C00CCED06 /* FirstViewController.swift */ = {isa = PBXFileReference; fileEncoding = 4; lastKnownFileType = sourcecode.swift; path = FirstViewController.swift; sourceTree = "<group>"; };
		195306A71E2B7BEF00EE81B0 /* StartScreenViewController.swift */ = {isa = PBXFileReference; fileEncoding = 4; lastKnownFileType = sourcecode.swift; path = StartScreenViewController.swift; sourceTree = "<group>"; };
		195E730C1E28AB4E005046AA /* ninemensmorristouch.app */ = {isa = PBXFileReference; explicitFileType = wrapper.application; includeInIndex = 0; path = ninemensmorristouch.app; sourceTree = BUILT_PRODUCTS_DIR; };
		195E730E1E28AB4E005046AA /* AppDelegate.swift */ = {isa = PBXFileReference; lastKnownFileType = sourcecode.swift; path = AppDelegate.swift; sourceTree = "<group>"; };
		195E73101E28AB4E005046AA /* TouchViewController.swift */ = {isa = PBXFileReference; lastKnownFileType = sourcecode.swift; path = TouchViewController.swift; sourceTree = "<group>"; };
		195E73131E28AB4E005046AA /* Base */ = {isa = PBXFileReference; lastKnownFileType = file.storyboard; name = Base; path = Base.lproj/Main.storyboard; sourceTree = "<group>"; };
		195E73151E28AB4E005046AA /* Assets.xcassets */ = {isa = PBXFileReference; lastKnownFileType = folder.assetcatalog; path = Assets.xcassets; sourceTree = "<group>"; };
		195E73181E28AB4E005046AA /* Base */ = {isa = PBXFileReference; lastKnownFileType = file.storyboard; name = Base; path = Base.lproj/LaunchScreen.storyboard; sourceTree = "<group>"; };
		195E731A1E28AB4E005046AA /* Info.plist */ = {isa = PBXFileReference; lastKnownFileType = text.plist.xml; path = Info.plist; sourceTree = "<group>"; };
		195E731F1E28AB4E005046AA /* ninemensmorristouchTests.xctest */ = {isa = PBXFileReference; explicitFileType = wrapper.cfbundle; includeInIndex = 0; path = ninemensmorristouchTests.xctest; sourceTree = BUILT_PRODUCTS_DIR; };
		195E73231E28AB4E005046AA /* ninemensmorristouchTests.swift */ = {isa = PBXFileReference; lastKnownFileType = sourcecode.swift; path = ninemensmorristouchTests.swift; sourceTree = "<group>"; };
		195E73251E28AB4E005046AA /* Info.plist */ = {isa = PBXFileReference; lastKnownFileType = text.plist.xml; path = Info.plist; sourceTree = "<group>"; };
		195E732A1E28AB4E005046AA /* ninemensmorristouchUITests.xctest */ = {isa = PBXFileReference; explicitFileType = wrapper.cfbundle; includeInIndex = 0; path = ninemensmorristouchUITests.xctest; sourceTree = BUILT_PRODUCTS_DIR; };
		195E732E1E28AB4E005046AA /* ninemensmorristouchUITests.swift */ = {isa = PBXFileReference; lastKnownFileType = sourcecode.swift; path = ninemensmorristouchUITests.swift; sourceTree = "<group>"; };
		195E73301E28AB4E005046AA /* Info.plist */ = {isa = PBXFileReference; lastKnownFileType = text.plist.xml; path = Info.plist; sourceTree = "<group>"; };
		195E733A1E28AED4005046AA /* NineMenMorrisViewTouch.swift */ = {isa = PBXFileReference; fileEncoding = 4; lastKnownFileType = sourcecode.swift; path = NineMenMorrisViewTouch.swift; sourceTree = "<group>"; };
		196DE15B1E203E9D0030F899 /* TODO */ = {isa = PBXFileReference; fileEncoding = 4; lastKnownFileType = text; name = TODO; path = ninemensmorris/TODO; sourceTree = "<group>"; };
		19B94F901E241F8300EAFC81 /* SecondViewController.swift */ = {isa = PBXFileReference; fileEncoding = 4; lastKnownFileType = sourcecode.swift; name = SecondViewController.swift; path = ../SecondViewController.swift; sourceTree = "<group>"; };
		2332EAE21D852BB9000B1AB1 /* ninemensmorrisosx.app */ = {isa = PBXFileReference; explicitFileType = wrapper.application; includeInIndex = 0; path = ninemensmorrisosx.app; sourceTree = BUILT_PRODUCTS_DIR; };
		2332EAE51D852BB9000B1AB1 /* AppDelegate.swift */ = {isa = PBXFileReference; lastKnownFileType = sourcecode.swift; path = AppDelegate.swift; sourceTree = "<group>"; };
		2332EAE71D852BB9000B1AB1 /* ViewController.swift */ = {isa = PBXFileReference; lastKnownFileType = sourcecode.swift; path = ViewController.swift; sourceTree = "<group>"; };
		2332EAE91D852BB9000B1AB1 /* Assets.xcassets */ = {isa = PBXFileReference; lastKnownFileType = folder.assetcatalog; path = Assets.xcassets; sourceTree = "<group>"; };
		2332EAEC1D852BB9000B1AB1 /* Base */ = {isa = PBXFileReference; lastKnownFileType = file.storyboard; name = Base; path = Base.lproj/Main.storyboard; sourceTree = "<group>"; };
		2332EAEE1D852BB9000B1AB1 /* Info.plist */ = {isa = PBXFileReference; lastKnownFileType = text.plist.xml; path = Info.plist; sourceTree = "<group>"; };
		2332EAF31D852BB9000B1AB1 /* ninemensmorrisTests.xctest */ = {isa = PBXFileReference; explicitFileType = wrapper.cfbundle; includeInIndex = 0; path = ninemensmorrisTests.xctest; sourceTree = BUILT_PRODUCTS_DIR; };
		2332EAF71D852BB9000B1AB1 /* ninemensmorrisTests.swift */ = {isa = PBXFileReference; lastKnownFileType = sourcecode.swift; path = ninemensmorrisTests.swift; sourceTree = "<group>"; };
		2332EAF91D852BB9000B1AB1 /* Info.plist */ = {isa = PBXFileReference; lastKnownFileType = text.plist.xml; path = Info.plist; sourceTree = "<group>"; };
		2332EB021D852C1A000B1AB1 /* engine.swift */ = {isa = PBXFileReference; fileEncoding = 4; lastKnownFileType = sourcecode.swift; name = engine.swift; path = ../engine.swift; sourceTree = "<group>"; };
		23752A191E16D2840020F50F /* NineMensMorrisView.swift */ = {isa = PBXFileReference; fileEncoding = 4; lastKnownFileType = sourcecode.swift; path = NineMensMorrisView.swift; sourceTree = "<group>"; };
		23F1F3EA1E1CE9E600BB4F6C /* test.swift */ = {isa = PBXFileReference; fileEncoding = 4; lastKnownFileType = sourcecode.swift; path = test.swift; sourceTree = "<group>"; };
/* End PBXFileReference section */

/* Begin PBXFrameworksBuildPhase section */
		195E73091E28AB4E005046AA /* Frameworks */ = {
			isa = PBXFrameworksBuildPhase;
			buildActionMask = 2147483647;
			files = (
			);
			runOnlyForDeploymentPostprocessing = 0;
		};
		195E731C1E28AB4E005046AA /* Frameworks */ = {
			isa = PBXFrameworksBuildPhase;
			buildActionMask = 2147483647;
			files = (
			);
			runOnlyForDeploymentPostprocessing = 0;
		};
		195E73271E28AB4E005046AA /* Frameworks */ = {
			isa = PBXFrameworksBuildPhase;
			buildActionMask = 2147483647;
			files = (
			);
			runOnlyForDeploymentPostprocessing = 0;
		};
		2332EADF1D852BB9000B1AB1 /* Frameworks */ = {
			isa = PBXFrameworksBuildPhase;
			buildActionMask = 2147483647;
			files = (
			);
			runOnlyForDeploymentPostprocessing = 0;
		};
		2332EAF01D852BB9000B1AB1 /* Frameworks */ = {
			isa = PBXFrameworksBuildPhase;
			buildActionMask = 2147483647;
			files = (
			);
			runOnlyForDeploymentPostprocessing = 0;
		};
/* End PBXFrameworksBuildPhase section */

/* Begin PBXGroup section */
		191A54581E26AA99006F1552 /* Assets */ = {
			isa = PBXGroup;
			children = (
				1902EA2B1E309CE300507E18 /* exit-icon.png */,
				1902EA311E31469E00507E18 /* undo-icon.png */,
				1902EA281E309C8300507E18 /* exit-icon.png */,
				191A54561E26AA79006F1552 /* exit-icon-3.png */,
				1902EA371E33684000507E18 /* mastersoft-logo.png */,
			);
			name = Assets;
			sourceTree = "<group>";
		};
		195E730D1E28AB4E005046AA /* ninemensmorristouch */ = {
			isa = PBXGroup;
			children = (
				195E730E1E28AB4E005046AA /* AppDelegate.swift */,
				195E73101E28AB4E005046AA /* TouchViewController.swift */,
				195E73121E28AB4E005046AA /* Main.storyboard */,
				195306A71E2B7BEF00EE81B0 /* StartScreenViewController.swift */,
				195E73151E28AB4E005046AA /* Assets.xcassets */,
				195E73171E28AB4E005046AA /* LaunchScreen.storyboard */,
				195E731A1E28AB4E005046AA /* Info.plist */,
				195E733A1E28AED4005046AA /* NineMenMorrisViewTouch.swift */,
			);
			path = ninemensmorristouch;
			sourceTree = "<group>";
		};
		195E73221E28AB4E005046AA /* ninemensmorristouchTests */ = {
			isa = PBXGroup;
			children = (
				195E73231E28AB4E005046AA /* ninemensmorristouchTests.swift */,
				195E73251E28AB4E005046AA /* Info.plist */,
			);
			path = ninemensmorristouchTests;
			sourceTree = "<group>";
		};
		195E732D1E28AB4E005046AA /* ninemensmorristouchUITests */ = {
			isa = PBXGroup;
			children = (
				195E732E1E28AB4E005046AA /* ninemensmorristouchUITests.swift */,
				195E73301E28AB4E005046AA /* Info.plist */,
			);
			path = ninemensmorristouchUITests;
			sourceTree = "<group>";
		};
		2332EAD91D852BB9000B1AB1 = {
			isa = PBXGroup;
			children = (
				196DE15B1E203E9D0030F899 /* TODO */,
				191A54581E26AA99006F1552 /* Assets */,
				2332EAE41D852BB9000B1AB1 /* ninemensmorris */,
				2332EAF61D852BB9000B1AB1 /* ninemensmorrisTests */,
				195E730D1E28AB4E005046AA /* ninemensmorristouch */,
				195E73221E28AB4E005046AA /* ninemensmorristouchTests */,
				195E732D1E28AB4E005046AA /* ninemensmorristouchUITests */,
				2332EAE31D852BB9000B1AB1 /* Products */,
			);
			sourceTree = "<group>";
		};
		2332EAE31D852BB9000B1AB1 /* Products */ = {
			isa = PBXGroup;
			children = (
				2332EAE21D852BB9000B1AB1 /* ninemensmorrisosx.app */,
				2332EAF31D852BB9000B1AB1 /* ninemensmorrisTests.xctest */,
				195E730C1E28AB4E005046AA /* ninemensmorristouch.app */,
				195E731F1E28AB4E005046AA /* ninemensmorristouchTests.xctest */,
				195E732A1E28AB4E005046AA /* ninemensmorristouchUITests.xctest */,
			);
			name = Products;
			sourceTree = "<group>";
		};
		2332EAE41D852BB9000B1AB1 /* ninemensmorris */ = {
			isa = PBXGroup;
			children = (
				19B94F901E241F8300EAFC81 /* SecondViewController.swift */,
				2332EB021D852C1A000B1AB1 /* engine.swift */,
				2332EAE51D852BB9000B1AB1 /* AppDelegate.swift */,
				2332EAE71D852BB9000B1AB1 /* ViewController.swift */,
				2332EAE91D852BB9000B1AB1 /* Assets.xcassets */,
				2332EAEB1D852BB9000B1AB1 /* Main.storyboard */,
				1940F03D1E26074C00CCED06 /* FirstViewController.swift */,
				23752A191E16D2840020F50F /* NineMensMorrisView.swift */,
				23F1F3EA1E1CE9E600BB4F6C /* test.swift */,
				2332EAEE1D852BB9000B1AB1 /* Info.plist */,
			);
			path = ninemensmorris;
			sourceTree = "<group>";
		};
		2332EAF61D852BB9000B1AB1 /* ninemensmorrisTests */ = {
			isa = PBXGroup;
			children = (
				2332EAF71D852BB9000B1AB1 /* ninemensmorrisTests.swift */,
				2332EAF91D852BB9000B1AB1 /* Info.plist */,
			);
			path = ninemensmorrisTests;
			sourceTree = "<group>";
		};
/* End PBXGroup section */

/* Begin PBXNativeTarget section */
		195E730B1E28AB4E005046AA /* ninemensmorristouch */ = {
			isa = PBXNativeTarget;
			buildConfigurationList = 195E73371E28AB4E005046AA /* Build configuration list for PBXNativeTarget "ninemensmorristouch" */;
			buildPhases = (
				195E73081E28AB4E005046AA /* Sources */,
				195E73091E28AB4E005046AA /* Frameworks */,
				195E730A1E28AB4E005046AA /* Resources */,
			);
			buildRules = (
			);
			dependencies = (
			);
			name = ninemensmorristouch;
			productName = ninemensmorristouch;
			productReference = 195E730C1E28AB4E005046AA /* ninemensmorristouch.app */;
			productType = "com.apple.product-type.application";
		};
		195E731E1E28AB4E005046AA /* ninemensmorristouchTests */ = {
			isa = PBXNativeTarget;
			buildConfigurationList = 195E73381E28AB4E005046AA /* Build configuration list for PBXNativeTarget "ninemensmorristouchTests" */;
			buildPhases = (
				195E731B1E28AB4E005046AA /* Sources */,
				195E731C1E28AB4E005046AA /* Frameworks */,
				195E731D1E28AB4E005046AA /* Resources */,
			);
			buildRules = (
			);
			dependencies = (
				195E73211E28AB4E005046AA /* PBXTargetDependency */,
			);
			name = ninemensmorristouchTests;
			productName = ninemensmorristouchTests;
			productReference = 195E731F1E28AB4E005046AA /* ninemensmorristouchTests.xctest */;
			productType = "com.apple.product-type.bundle.unit-test";
		};
		195E73291E28AB4E005046AA /* ninemensmorristouchUITests */ = {
			isa = PBXNativeTarget;
			buildConfigurationList = 195E73391E28AB4E005046AA /* Build configuration list for PBXNativeTarget "ninemensmorristouchUITests" */;
			buildPhases = (
				195E73261E28AB4E005046AA /* Sources */,
				195E73271E28AB4E005046AA /* Frameworks */,
				195E73281E28AB4E005046AA /* Resources */,
			);
			buildRules = (
			);
			dependencies = (
				195E732C1E28AB4E005046AA /* PBXTargetDependency */,
			);
			name = ninemensmorristouchUITests;
			productName = ninemensmorristouchUITests;
			productReference = 195E732A1E28AB4E005046AA /* ninemensmorristouchUITests.xctest */;
			productType = "com.apple.product-type.bundle.ui-testing";
		};
		2332EAE11D852BB9000B1AB1 /* ninemensmorrisosx */ = {
			isa = PBXNativeTarget;
			buildConfigurationList = 2332EAFC1D852BB9000B1AB1 /* Build configuration list for PBXNativeTarget "ninemensmorrisosx" */;
			buildPhases = (
				2332EADE1D852BB9000B1AB1 /* Sources */,
				2332EADF1D852BB9000B1AB1 /* Frameworks */,
				2332EAE01D852BB9000B1AB1 /* Resources */,
			);
			buildRules = (
			);
			dependencies = (
			);
			name = ninemensmorrisosx;
			productName = ninemensmorris;
			productReference = 2332EAE21D852BB9000B1AB1 /* ninemensmorrisosx.app */;
			productType = "com.apple.product-type.application";
		};
		2332EAF21D852BB9000B1AB1 /* ninemensmorrisTests */ = {
			isa = PBXNativeTarget;
			buildConfigurationList = 2332EAFF1D852BB9000B1AB1 /* Build configuration list for PBXNativeTarget "ninemensmorrisTests" */;
			buildPhases = (
				2332EAEF1D852BB9000B1AB1 /* Sources */,
				2332EAF01D852BB9000B1AB1 /* Frameworks */,
				2332EAF11D852BB9000B1AB1 /* Resources */,
			);
			buildRules = (
			);
			dependencies = (
				2332EAF51D852BB9000B1AB1 /* PBXTargetDependency */,
			);
			name = ninemensmorrisTests;
			productName = ninemensmorrisTests;
			productReference = 2332EAF31D852BB9000B1AB1 /* ninemensmorrisTests.xctest */;
			productType = "com.apple.product-type.bundle.unit-test";
		};
/* End PBXNativeTarget section */

/* Begin PBXProject section */
		2332EADA1D852BB9000B1AB1 /* Project object */ = {
			isa = PBXProject;
			attributes = {
				LastSwiftUpdateCheck = 0820;
				LastUpgradeCheck = 0800;
				ORGANIZATIONNAME = pinbeutel;
				TargetAttributes = {
					195E730B1E28AB4E005046AA = {
						CreatedOnToolsVersion = 8.2.1;
						DevelopmentTeam = N67RB227UH;
						ProvisioningStyle = Manual;
					};
					195E731E1E28AB4E005046AA = {
						CreatedOnToolsVersion = 8.2.1;
						DevelopmentTeam = 4YN9Y656UY;
						ProvisioningStyle = Automatic;
						TestTargetID = 195E730B1E28AB4E005046AA;
					};
					195E73291E28AB4E005046AA = {
						CreatedOnToolsVersion = 8.2.1;
						DevelopmentTeam = 4YN9Y656UY;
						ProvisioningStyle = Automatic;
						TestTargetID = 195E730B1E28AB4E005046AA;
					};
					2332EAE11D852BB9000B1AB1 = {
						CreatedOnToolsVersion = 7.3;
						DevelopmentTeam = 4YN9Y656UY;
						LastSwiftMigration = 0800;
					};
					2332EAF21D852BB9000B1AB1 = {
						CreatedOnToolsVersion = 7.3;
						DevelopmentTeam = 4YN9Y656UY;
						LastSwiftMigration = 0800;
						TestTargetID = 2332EAE11D852BB9000B1AB1;
					};
				};
			};
			buildConfigurationList = 2332EADD1D852BB9000B1AB1 /* Build configuration list for PBXProject "ninemensmorris" */;
			compatibilityVersion = "Xcode 6.3";
			developmentRegion = English;
			hasScannedForEncodings = 0;
			knownRegions = (
				en,
				Base,
			);
			mainGroup = 2332EAD91D852BB9000B1AB1;
			productRefGroup = 2332EAE31D852BB9000B1AB1 /* Products */;
			projectDirPath = "";
			projectRoot = "";
			targets = (
				2332EAE11D852BB9000B1AB1 /* ninemensmorrisosx */,
				2332EAF21D852BB9000B1AB1 /* ninemensmorrisTests */,
				195E730B1E28AB4E005046AA /* ninemensmorristouch */,
				195E731E1E28AB4E005046AA /* ninemensmorristouchTests */,
				195E73291E28AB4E005046AA /* ninemensmorristouchUITests */,
			);
		};
/* End PBXProject section */

/* Begin PBXResourcesBuildPhase section */
		195E730A1E28AB4E005046AA /* Resources */ = {
			isa = PBXResourcesBuildPhase;
			buildActionMask = 2147483647;
			files = (
				1902EA2D1E309CE300507E18 /* exit-icon.png in Resources */,
				195E73191E28AB4E005046AA /* LaunchScreen.storyboard in Resources */,
				195E73161E28AB4E005046AA /* Assets.xcassets in Resources */,
				1902EA2A1E309C8300507E18 /* exit-icon.png in Resources */,
				1902EA391E33684000507E18 /* mastersoft-logo.png in Resources */,
				1902E9571E30024B00507E18 /* exit-icon-3.png in Resources */,
				1902EA331E31469E00507E18 /* undo-icon.png in Resources */,
				195E73141E28AB4E005046AA /* Main.storyboard in Resources */,
			);
			runOnlyForDeploymentPostprocessing = 0;
		};
		195E731D1E28AB4E005046AA /* Resources */ = {
			isa = PBXResourcesBuildPhase;
			buildActionMask = 2147483647;
			files = (
			);
			runOnlyForDeploymentPostprocessing = 0;
		};
		195E73281E28AB4E005046AA /* Resources */ = {
			isa = PBXResourcesBuildPhase;
			buildActionMask = 2147483647;
			files = (
			);
			runOnlyForDeploymentPostprocessing = 0;
		};
		2332EAE01D852BB9000B1AB1 /* Resources */ = {
			isa = PBXResourcesBuildPhase;
			buildActionMask = 2147483647;
			files = (
				1902EA2C1E309CE300507E18 /* exit-icon.png in Resources */,
				196DE15C1E203E9D0030F899 /* TODO in Resources */,
				2332EAEA1D852BB9000B1AB1 /* Assets.xcassets in Resources */,
				1902EA291E309C8300507E18 /* exit-icon.png in Resources */,
				1902EA381E33684000507E18 /* mastersoft-logo.png in Resources */,
				191A54571E26AA79006F1552 /* exit-icon-3.png in Resources */,
				1902EA321E31469E00507E18 /* undo-icon.png in Resources */,
				2332EAED1D852BB9000B1AB1 /* Main.storyboard in Resources */,
			);
			runOnlyForDeploymentPostprocessing = 0;
		};
		2332EAF11D852BB9000B1AB1 /* Resources */ = {
			isa = PBXResourcesBuildPhase;
			buildActionMask = 2147483647;
			files = (
			);
			runOnlyForDeploymentPostprocessing = 0;
		};
/* End PBXResourcesBuildPhase section */

/* Begin PBXSourcesBuildPhase section */
		195E73081E28AB4E005046AA /* Sources */ = {
			isa = PBXSourcesBuildPhase;
			buildActionMask = 2147483647;
			files = (
				195E73111E28AB4E005046AA /* TouchViewController.swift in Sources */,
				195E733C1E28AF3E005046AA /* engine.swift in Sources */,
				195E733B1E28AED4005046AA /* NineMenMorrisViewTouch.swift in Sources */,
				195E730F1E28AB4E005046AA /* AppDelegate.swift in Sources */,
				195306A81E2B7BEF00EE81B0 /* StartScreenViewController.swift in Sources */,
			);
			runOnlyForDeploymentPostprocessing = 0;
		};
		195E731B1E28AB4E005046AA /* Sources */ = {
			isa = PBXSourcesBuildPhase;
			buildActionMask = 2147483647;
			files = (
				195E73241E28AB4E005046AA /* ninemensmorristouchTests.swift in Sources */,
			);
			runOnlyForDeploymentPostprocessing = 0;
		};
		195E73261E28AB4E005046AA /* Sources */ = {
			isa = PBXSourcesBuildPhase;
			buildActionMask = 2147483647;
			files = (
				195E732F1E28AB4E005046AA /* ninemensmorristouchUITests.swift in Sources */,
			);
			runOnlyForDeploymentPostprocessing = 0;
		};
		2332EADE1D852BB9000B1AB1 /* Sources */ = {
			isa = PBXSourcesBuildPhase;
			buildActionMask = 2147483647;
			files = (
				19B94F911E241F8300EAFC81 /* SecondViewController.swift in Sources */,
				2332EAE81D852BB9000B1AB1 /* ViewController.swift in Sources */,
				2332EAE61D852BB9000B1AB1 /* AppDelegate.swift in Sources */,
				2332EB031D852C1A000B1AB1 /* engine.swift in Sources */,
				23F1F3EB1E1CE9E600BB4F6C /* test.swift in Sources */,
				23752A1A1E16D2840020F50F /* NineMensMorrisView.swift in Sources */,
				1940F03E1E26074C00CCED06 /* FirstViewController.swift in Sources */,
			);
			runOnlyForDeploymentPostprocessing = 0;
		};
		2332EAEF1D852BB9000B1AB1 /* Sources */ = {
			isa = PBXSourcesBuildPhase;
			buildActionMask = 2147483647;
			files = (
				2332EAF81D852BB9000B1AB1 /* ninemensmorrisTests.swift in Sources */,
			);
			runOnlyForDeploymentPostprocessing = 0;
		};
/* End PBXSourcesBuildPhase section */

/* Begin PBXTargetDependency section */
		195E73211E28AB4E005046AA /* PBXTargetDependency */ = {
			isa = PBXTargetDependency;
			target = 195E730B1E28AB4E005046AA /* ninemensmorristouch */;
			targetProxy = 195E73201E28AB4E005046AA /* PBXContainerItemProxy */;
		};
		195E732C1E28AB4E005046AA /* PBXTargetDependency */ = {
			isa = PBXTargetDependency;
			target = 195E730B1E28AB4E005046AA /* ninemensmorristouch */;
			targetProxy = 195E732B1E28AB4E005046AA /* PBXContainerItemProxy */;
		};
		2332EAF51D852BB9000B1AB1 /* PBXTargetDependency */ = {
			isa = PBXTargetDependency;
			target = 2332EAE11D852BB9000B1AB1 /* ninemensmorrisosx */;
			targetProxy = 2332EAF41D852BB9000B1AB1 /* PBXContainerItemProxy */;
		};
/* End PBXTargetDependency section */

/* Begin PBXVariantGroup section */
		195E73121E28AB4E005046AA /* Main.storyboard */ = {
			isa = PBXVariantGroup;
			children = (
				195E73131E28AB4E005046AA /* Base */,
			);
			name = Main.storyboard;
			sourceTree = "<group>";
		};
		195E73171E28AB4E005046AA /* LaunchScreen.storyboard */ = {
			isa = PBXVariantGroup;
			children = (
				195E73181E28AB4E005046AA /* Base */,
			);
			name = LaunchScreen.storyboard;
			sourceTree = "<group>";
		};
		2332EAEB1D852BB9000B1AB1 /* Main.storyboard */ = {
			isa = PBXVariantGroup;
			children = (
				2332EAEC1D852BB9000B1AB1 /* Base */,
			);
			name = Main.storyboard;
			sourceTree = "<group>";
		};
/* End PBXVariantGroup section */

/* Begin XCBuildConfiguration section */
		195E73311E28AB4E005046AA /* Debug */ = {
			isa = XCBuildConfiguration;
			buildSettings = {
				ASSETCATALOG_COMPILER_APPICON_NAME = AppIcon;
				CLANG_WARN_DOCUMENTATION_COMMENTS = YES;
				"CODE_SIGN_IDENTITY[sdk=iphoneos*]" = "iPhone Distribution";
				DEVELOPMENT_TEAM = N67RB227UH;
				INFOPLIST_FILE = ninemensmorristouch/Info.plist;
				IPHONEOS_DEPLOYMENT_TARGET = 10.2;
				LD_RUNPATH_SEARCH_PATHS = "$(inherited) @executable_path/Frameworks";
				PRODUCT_BUNDLE_IDENTIFIER = com.mast3rsoft.ninemensmorris;
				PRODUCT_NAME = "$(TARGET_NAME)";
				PROVISIONING_PROFILE = "4d971318-11e0-4141-9d82-2c57ee43a1a1";
				PROVISIONING_PROFILE_SPECIFIER = ninemensmorristouch;
				SDKROOT = iphoneos;
				SWIFT_ACTIVE_COMPILATION_CONDITIONS = DEBUG;
				SWIFT_VERSION = 3.0;
				TARGETED_DEVICE_FAMILY = "1,2";
			};
			name = Debug;
		};
		195E73321E28AB4E005046AA /* Release */ = {
			isa = XCBuildConfiguration;
			buildSettings = {
				ASSETCATALOG_COMPILER_APPICON_NAME = AppIcon;
				CLANG_WARN_DOCUMENTATION_COMMENTS = YES;
				"CODE_SIGN_IDENTITY[sdk=iphoneos*]" = "iPhone Distribution";
				DEVELOPMENT_TEAM = N67RB227UH;
				INFOPLIST_FILE = ninemensmorristouch/Info.plist;
				IPHONEOS_DEPLOYMENT_TARGET = 10.2;
				LD_RUNPATH_SEARCH_PATHS = "$(inherited) @executable_path/Frameworks";
				PRODUCT_BUNDLE_IDENTIFIER = com.mast3rsoft.ninemensmorris;
				PRODUCT_NAME = "$(TARGET_NAME)";
				PROVISIONING_PROFILE = "4d971318-11e0-4141-9d82-2c57ee43a1a1";
				PROVISIONING_PROFILE_SPECIFIER = ninemensmorristouch;
				SDKROOT = iphoneos;
				SWIFT_VERSION = 3.0;
				TARGETED_DEVICE_FAMILY = "1,2";
				VALIDATE_PRODUCT = YES;
			};
			name = Release;
		};
		195E73331E28AB4E005046AA /* Debug */ = {
			isa = XCBuildConfiguration;
			buildSettings = {
				ALWAYS_EMBED_SWIFT_STANDARD_LIBRARIES = YES;
				BUNDLE_LOADER = "$(TEST_HOST)";
				CLANG_WARN_DOCUMENTATION_COMMENTS = YES;
				"CODE_SIGN_IDENTITY[sdk=iphoneos*]" = "iPhone Developer";
				INFOPLIST_FILE = ninemensmorristouchTests/Info.plist;
				IPHONEOS_DEPLOYMENT_TARGET = 10.2;
				LD_RUNPATH_SEARCH_PATHS = "$(inherited) @executable_path/Frameworks @loader_path/Frameworks";
				PRODUCT_BUNDLE_IDENTIFIER = com.mast3rsoft.ninemensmorristouchTests;
				PRODUCT_NAME = "$(TARGET_NAME)";
				SDKROOT = iphoneos;
				SWIFT_ACTIVE_COMPILATION_CONDITIONS = DEBUG;
				SWIFT_VERSION = 3.0;
				TEST_HOST = "$(BUILT_PRODUCTS_DIR)/ninemensmorristouch.app/ninemensmorristouch";
			};
			name = Debug;
		};
		195E73341E28AB4E005046AA /* Release */ = {
			isa = XCBuildConfiguration;
			buildSettings = {
				ALWAYS_EMBED_SWIFT_STANDARD_LIBRARIES = YES;
				BUNDLE_LOADER = "$(TEST_HOST)";
				CLANG_WARN_DOCUMENTATION_COMMENTS = YES;
				"CODE_SIGN_IDENTITY[sdk=iphoneos*]" = "iPhone Developer";
				INFOPLIST_FILE = ninemensmorristouchTests/Info.plist;
				IPHONEOS_DEPLOYMENT_TARGET = 10.2;
				LD_RUNPATH_SEARCH_PATHS = "$(inherited) @executable_path/Frameworks @loader_path/Frameworks";
				PRODUCT_BUNDLE_IDENTIFIER = com.mast3rsoft.ninemensmorristouchTests;
				PRODUCT_NAME = "$(TARGET_NAME)";
				SDKROOT = iphoneos;
				SWIFT_VERSION = 3.0;
				TEST_HOST = "$(BUILT_PRODUCTS_DIR)/ninemensmorristouch.app/ninemensmorristouch";
				VALIDATE_PRODUCT = YES;
			};
			name = Release;
		};
		195E73351E28AB4E005046AA /* Debug */ = {
			isa = XCBuildConfiguration;
			buildSettings = {
				ALWAYS_EMBED_SWIFT_STANDARD_LIBRARIES = YES;
				CLANG_WARN_DOCUMENTATION_COMMENTS = YES;
				"CODE_SIGN_IDENTITY[sdk=iphoneos*]" = "iPhone Developer";
				INFOPLIST_FILE = ninemensmorristouchUITests/Info.plist;
				IPHONEOS_DEPLOYMENT_TARGET = 10.2;
				LD_RUNPATH_SEARCH_PATHS = "$(inherited) @executable_path/Frameworks @loader_path/Frameworks";
				PRODUCT_BUNDLE_IDENTIFIER = com.mast3rsoft.ninemensmorristouchUITests;
				PRODUCT_NAME = "$(TARGET_NAME)";
				SDKROOT = iphoneos;
				SWIFT_ACTIVE_COMPILATION_CONDITIONS = DEBUG;
				SWIFT_VERSION = 3.0;
				TEST_TARGET_NAME = ninemensmorristouch;
			};
			name = Debug;
		};
		195E73361E28AB4E005046AA /* Release */ = {
			isa = XCBuildConfiguration;
			buildSettings = {
				ALWAYS_EMBED_SWIFT_STANDARD_LIBRARIES = YES;
				CLANG_WARN_DOCUMENTATION_COMMENTS = YES;
				"CODE_SIGN_IDENTITY[sdk=iphoneos*]" = "iPhone Developer";
				INFOPLIST_FILE = ninemensmorristouchUITests/Info.plist;
				IPHONEOS_DEPLOYMENT_TARGET = 10.2;
				LD_RUNPATH_SEARCH_PATHS = "$(inherited) @executable_path/Frameworks @loader_path/Frameworks";
				PRODUCT_BUNDLE_IDENTIFIER = com.mast3rsoft.ninemensmorristouchUITests;
				PRODUCT_NAME = "$(TARGET_NAME)";
				SDKROOT = iphoneos;
				SWIFT_VERSION = 3.0;
				TEST_TARGET_NAME = ninemensmorristouch;
				VALIDATE_PRODUCT = YES;
			};
			name = Release;
		};
		2332EAFA1D852BB9000B1AB1 /* Debug */ = {
			isa = XCBuildConfiguration;
			buildSettings = {
				ALWAYS_SEARCH_USER_PATHS = NO;
				CLANG_ANALYZER_NONNULL = YES;
				CLANG_CXX_LANGUAGE_STANDARD = "gnu++0x";
				CLANG_CXX_LIBRARY = "libc++";
				CLANG_ENABLE_MODULES = YES;
				CLANG_ENABLE_OBJC_ARC = YES;
				CLANG_WARN_BOOL_CONVERSION = YES;
				CLANG_WARN_CONSTANT_CONVERSION = YES;
				CLANG_WARN_DIRECT_OBJC_ISA_USAGE = YES_ERROR;
				CLANG_WARN_EMPTY_BODY = YES;
				CLANG_WARN_ENUM_CONVERSION = YES;
				CLANG_WARN_INFINITE_RECURSION = YES;
				CLANG_WARN_INT_CONVERSION = YES;
				CLANG_WARN_OBJC_ROOT_CLASS = YES_ERROR;
				CLANG_WARN_SUSPICIOUS_MOVE = YES;
				CLANG_WARN_UNREACHABLE_CODE = YES;
				CLANG_WARN__DUPLICATE_METHOD_MATCH = YES;
				CODE_SIGN_IDENTITY = "iPhone Developer: niko.neufeld@gmail.com (7JZBRXH545)";
				COPY_PHASE_STRIP = NO;
				DEBUG_INFORMATION_FORMAT = dwarf;
				DEVELOPMENT_TEAM = 4YN9Y656UY;
				ENABLE_STRICT_OBJC_MSGSEND = YES;
				ENABLE_TESTABILITY = YES;
				GCC_C_LANGUAGE_STANDARD = gnu99;
				GCC_DYNAMIC_NO_PIC = NO;
				GCC_NO_COMMON_BLOCKS = YES;
				GCC_OPTIMIZATION_LEVEL = 0;
				GCC_PREPROCESSOR_DEFINITIONS = (
					"DEBUG=1",
					"$(inherited)",
				);
				GCC_WARN_64_TO_32_BIT_CONVERSION = YES;
				GCC_WARN_ABOUT_RETURN_TYPE = YES_ERROR;
				GCC_WARN_UNDECLARED_SELECTOR = YES;
				GCC_WARN_UNINITIALIZED_AUTOS = YES_AGGRESSIVE;
				GCC_WARN_UNUSED_FUNCTION = YES;
				GCC_WARN_UNUSED_VARIABLE = YES;
				MACOSX_DEPLOYMENT_TARGET = 10.11;
				MTL_ENABLE_DEBUG_INFO = YES;
				ONLY_ACTIVE_ARCH = YES;
				SDKROOT = macosx;
				SWIFT_OPTIMIZATION_LEVEL = "-Onone";
				SWIFT_VERSION = "";
			};
			name = Debug;
		};
		2332EAFB1D852BB9000B1AB1 /* Release */ = {
			isa = XCBuildConfiguration;
			buildSettings = {
				ALWAYS_SEARCH_USER_PATHS = NO;
				CLANG_ANALYZER_NONNULL = YES;
				CLANG_CXX_LANGUAGE_STANDARD = "gnu++0x";
				CLANG_CXX_LIBRARY = "libc++";
				CLANG_ENABLE_MODULES = YES;
				CLANG_ENABLE_OBJC_ARC = YES;
				CLANG_WARN_BOOL_CONVERSION = YES;
				CLANG_WARN_CONSTANT_CONVERSION = YES;
				CLANG_WARN_DIRECT_OBJC_ISA_USAGE = YES_ERROR;
				CLANG_WARN_EMPTY_BODY = YES;
				CLANG_WARN_ENUM_CONVERSION = YES;
				CLANG_WARN_INFINITE_RECURSION = YES;
				CLANG_WARN_INT_CONVERSION = YES;
				CLANG_WARN_OBJC_ROOT_CLASS = YES_ERROR;
				CLANG_WARN_SUSPICIOUS_MOVE = YES;
				CLANG_WARN_UNREACHABLE_CODE = YES;
				CLANG_WARN__DUPLICATE_METHOD_MATCH = YES;
				CODE_SIGN_IDENTITY = "iPhone Developer: niko.neufeld@gmail.com (7JZBRXH545)";
				COPY_PHASE_STRIP = NO;
				DEBUG_INFORMATION_FORMAT = "dwarf-with-dsym";
				DEVELOPMENT_TEAM = 4YN9Y656UY;
				ENABLE_NS_ASSERTIONS = NO;
				ENABLE_STRICT_OBJC_MSGSEND = YES;
				GCC_C_LANGUAGE_STANDARD = gnu99;
				GCC_NO_COMMON_BLOCKS = YES;
				GCC_WARN_64_TO_32_BIT_CONVERSION = YES;
				GCC_WARN_ABOUT_RETURN_TYPE = YES_ERROR;
				GCC_WARN_UNDECLARED_SELECTOR = YES;
				GCC_WARN_UNINITIALIZED_AUTOS = YES_AGGRESSIVE;
				GCC_WARN_UNUSED_FUNCTION = YES;
				GCC_WARN_UNUSED_VARIABLE = YES;
				MACOSX_DEPLOYMENT_TARGET = 10.11;
				MTL_ENABLE_DEBUG_INFO = NO;
				SDKROOT = macosx;
				SWIFT_OPTIMIZATION_LEVEL = "-Owholemodule";
				SWIFT_VERSION = "";
			};
			name = Release;
		};
		2332EAFD1D852BB9000B1AB1 /* Debug */ = {
			isa = XCBuildConfiguration;
			buildSettings = {
				ASSETCATALOG_COMPILER_APPICON_NAME = AppIcon;
				COMBINE_HIDPI_IMAGES = YES;
				INFOPLIST_FILE = ninemensmorris/Info.plist;
				LD_RUNPATH_SEARCH_PATHS = "$(inherited) @executable_path/../Frameworks";
				PRODUCT_BUNDLE_IDENTIFIER = org.pinbeutel.ninemensmorris;
				PRODUCT_NAME = "$(TARGET_NAME)";
				SWIFT_VERSION = 3.0;
			};
			name = Debug;
		};
		2332EAFE1D852BB9000B1AB1 /* Release */ = {
			isa = XCBuildConfiguration;
			buildSettings = {
				ASSETCATALOG_COMPILER_APPICON_NAME = AppIcon;
				COMBINE_HIDPI_IMAGES = YES;
				INFOPLIST_FILE = ninemensmorris/Info.plist;
				LD_RUNPATH_SEARCH_PATHS = "$(inherited) @executable_path/../Frameworks";
				PRODUCT_BUNDLE_IDENTIFIER = org.pinbeutel.ninemensmorris;
				PRODUCT_NAME = "$(TARGET_NAME)";
				SWIFT_VERSION = 3.0;
			};
			name = Release;
		};
		2332EB001D852BB9000B1AB1 /* Debug */ = {
			isa = XCBuildConfiguration;
			buildSettings = {
				BUNDLE_LOADER = "$(TEST_HOST)";
				COMBINE_HIDPI_IMAGES = YES;
				INFOPLIST_FILE = ninemensmorrisTests/Info.plist;
				LD_RUNPATH_SEARCH_PATHS = "$(inherited) @executable_path/../Frameworks @loader_path/../Frameworks";
				PRODUCT_BUNDLE_IDENTIFIER = org.pinbeutel.ninemensmorrisTests;
				PRODUCT_NAME = "$(TARGET_NAME)";
				SWIFT_VERSION = 3.0;
				TEST_HOST = "$(BUILT_PRODUCTS_DIR)/ninemensmorris.app/Contents/MacOS/ninemensmorris";
			};
			name = Debug;
		};
		2332EB011D852BB9000B1AB1 /* Release */ = {
			isa = XCBuildConfiguration;
			buildSettings = {
				BUNDLE_LOADER = "$(TEST_HOST)";
				COMBINE_HIDPI_IMAGES = YES;
				INFOPLIST_FILE = ninemensmorrisTests/Info.plist;
				LD_RUNPATH_SEARCH_PATHS = "$(inherited) @executable_path/../Frameworks @loader_path/../Frameworks";
				PRODUCT_BUNDLE_IDENTIFIER = org.pinbeutel.ninemensmorrisTests;
				PRODUCT_NAME = "$(TARGET_NAME)";
				SWIFT_VERSION = 3.0;
				TEST_HOST = "$(BUILT_PRODUCTS_DIR)/ninemensmorris.app/Contents/MacOS/ninemensmorris";
			};
			name = Release;
		};
/* End XCBuildConfiguration section */

/* Begin XCConfigurationList section */
		195E73371E28AB4E005046AA /* Build configuration list for PBXNativeTarget "ninemensmorristouch" */ = {
			isa = XCConfigurationList;
			buildConfigurations = (
				195E73311E28AB4E005046AA /* Debug */,
				195E73321E28AB4E005046AA /* Release */,
			);
			defaultConfigurationIsVisible = 0;
			defaultConfigurationName = Release;
		};
		195E73381E28AB4E005046AA /* Build configuration list for PBXNativeTarget "ninemensmorristouchTests" */ = {
			isa = XCConfigurationList;
			buildConfigurations = (
				195E73331E28AB4E005046AA /* Debug */,
				195E73341E28AB4E005046AA /* Release */,
			);
			defaultConfigurationIsVisible = 0;
			defaultConfigurationName = Release;
		};
		195E73391E28AB4E005046AA /* Build configuration list for PBXNativeTarget "ninemensmorristouchUITests" */ = {
			isa = XCConfigurationList;
			buildConfigurations = (
				195E73351E28AB4E005046AA /* Debug */,
				195E73361E28AB4E005046AA /* Release */,
			);
			defaultConfigurationIsVisible = 0;
			defaultConfigurationName = Release;
		};
		2332EADD1D852BB9000B1AB1 /* Build configuration list for PBXProject "ninemensmorris" */ = {
			isa = XCConfigurationList;
			buildConfigurations = (
				2332EAFA1D852BB9000B1AB1 /* Debug */,
				2332EAFB1D852BB9000B1AB1 /* Release */,
			);
			defaultConfigurationIsVisible = 0;
			defaultConfigurationName = Release;
		};
		2332EAFC1D852BB9000B1AB1 /* Build configuration list for PBXNativeTarget "ninemensmorrisosx" */ = {
			isa = XCConfigurationList;
			buildConfigurations = (
				2332EAFD1D852BB9000B1AB1 /* Debug */,
				2332EAFE1D852BB9000B1AB1 /* Release */,
			);
			defaultConfigurationIsVisible = 0;
			defaultConfigurationName = Release;
		};
		2332EAFF1D852BB9000B1AB1 /* Build configuration list for PBXNativeTarget "ninemensmorrisTests" */ = {
			isa = XCConfigurationList;
			buildConfigurations = (
				2332EB001D852BB9000B1AB1 /* Debug */,
				2332EB011D852BB9000B1AB1 /* Release */,
			);
			defaultConfigurationIsVisible = 0;
			defaultConfigurationName = Release;
		};
/* End XCConfigurationList section */
	};
	rootObject = 2332EADA1D852BB9000B1AB1 /* Project object */;
}
